// !$*UTF8*$!
{
	archiveVersion = 1;
	classes = {
	};
	objectVersion = 50;
	objects = {

/* Begin PBXBuildFile section */
		278A20A8269F9A2D00267FA0 /* RefFileDocTryApp.swift in Sources */ = {isa = PBXBuildFile; fileRef = 278A2094269F9A2B00267FA0 /* RefFileDocTryApp.swift */; };
		278A20A9269F9A2D00267FA0 /* RefFileDocTryApp.swift in Sources */ = {isa = PBXBuildFile; fileRef = 278A2094269F9A2B00267FA0 /* RefFileDocTryApp.swift */; };
		278A20AA269F9A2D00267FA0 /* RefFileDocTryDocument.swift in Sources */ = {isa = PBXBuildFile; fileRef = 278A2095269F9A2B00267FA0 /* RefFileDocTryDocument.swift */; };
		278A20AB269F9A2D00267FA0 /* RefFileDocTryDocument.swift in Sources */ = {isa = PBXBuildFile; fileRef = 278A2095269F9A2B00267FA0 /* RefFileDocTryDocument.swift */; };
		278A20AC269F9A2D00267FA0 /* ContentView.swift in Sources */ = {isa = PBXBuildFile; fileRef = 278A2096269F9A2B00267FA0 /* ContentView.swift */; };
		278A20AD269F9A2D00267FA0 /* ContentView.swift in Sources */ = {isa = PBXBuildFile; fileRef = 278A2096269F9A2B00267FA0 /* ContentView.swift */; };
		278A20AE269F9A2D00267FA0 /* Assets.xcassets in Resources */ = {isa = PBXBuildFile; fileRef = 278A2097269F9A2D00267FA0 /* Assets.xcassets */; };
		278A20AF269F9A2D00267FA0 /* Assets.xcassets in Resources */ = {isa = PBXBuildFile; fileRef = 278A2097269F9A2D00267FA0 /* Assets.xcassets */; };
		27C72FC726C416A100468A67 /* LICENSE.txt in Resources */ = {isa = PBXBuildFile; fileRef = 27C72FC626C416A100468A67 /* LICENSE.txt */; };
		27C72FC826C416A100468A67 /* LICENSE.txt in Resources */ = {isa = PBXBuildFile; fileRef = 27C72FC626C416A100468A67 /* LICENSE.txt */; };
/* End PBXBuildFile section */

/* Begin PBXFileReference section */
		278A2094269F9A2B00267FA0 /* RefFileDocTryApp.swift */ = {isa = PBXFileReference; lastKnownFileType = sourcecode.swift; path = RefFileDocTryApp.swift; sourceTree = "<group>"; };
		278A2095269F9A2B00267FA0 /* RefFileDocTryDocument.swift */ = {isa = PBXFileReference; lastKnownFileType = sourcecode.swift; path = RefFileDocTryDocument.swift; sourceTree = "<group>"; };
		278A2096269F9A2B00267FA0 /* ContentView.swift */ = {isa = PBXFileReference; lastKnownFileType = sourcecode.swift; path = ContentView.swift; sourceTree = "<group>"; };
		278A2097269F9A2D00267FA0 /* Assets.xcassets */ = {isa = PBXFileReference; lastKnownFileType = folder.assetcatalog; path = Assets.xcassets; sourceTree = "<group>"; };
		278A209C269F9A2D00267FA0 /* RefFileDocTry.app */ = {isa = PBXFileReference; explicitFileType = wrapper.application; includeInIndex = 0; path = RefFileDocTry.app; sourceTree = BUILT_PRODUCTS_DIR; };
		278A209F269F9A2D00267FA0 /* Info.plist */ = {isa = PBXFileReference; lastKnownFileType = text.plist.xml; path = Info.plist; sourceTree = "<group>"; };
		278A20A4269F9A2D00267FA0 /* RefFileDocTry.app */ = {isa = PBXFileReference; explicitFileType = wrapper.application; includeInIndex = 0; path = RefFileDocTry.app; sourceTree = BUILT_PRODUCTS_DIR; };
		278A20A6269F9A2D00267FA0 /* Info.plist */ = {isa = PBXFileReference; lastKnownFileType = text.plist.xml; path = Info.plist; sourceTree = "<group>"; };
		278A20A7269F9A2D00267FA0 /* macOS.entitlements */ = {isa = PBXFileReference; lastKnownFileType = text.plist.entitlements; path = macOS.entitlements; sourceTree = "<group>"; };
		278A20B8269F9B3D00267FA0 /* RefFileDocTry.entitlements */ = {isa = PBXFileReference; lastKnownFileType = text.plist.entitlements; path = RefFileDocTry.entitlements; sourceTree = "<group>"; };
		27C72FC626C416A100468A67 /* LICENSE.txt */ = {isa = PBXFileReference; fileEncoding = 4; lastKnownFileType = text; path = LICENSE.txt; sourceTree = "<group>"; };
/* End PBXFileReference section */

/* Begin PBXFrameworksBuildPhase section */
		278A2099269F9A2D00267FA0 /* Frameworks */ = {
			isa = PBXFrameworksBuildPhase;
			buildActionMask = 2147483647;
			files = (
			);
			runOnlyForDeploymentPostprocessing = 0;
		};
		278A20A1269F9A2D00267FA0 /* Frameworks */ = {
			isa = PBXFrameworksBuildPhase;
			buildActionMask = 2147483647;
			files = (
			);
			runOnlyForDeploymentPostprocessing = 0;
		};
/* End PBXFrameworksBuildPhase section */

/* Begin PBXGroup section */
		278A208E269F9A2B00267FA0 = {
			isa = PBXGroup;
			children = (
				278A20B8269F9B3D00267FA0 /* RefFileDocTry.entitlements */,
				278A2093269F9A2B00267FA0 /* Shared */,
				278A209E269F9A2D00267FA0 /* iOS */,
				278A20A5269F9A2D00267FA0 /* macOS */,
				278A209D269F9A2D00267FA0 /* Products */,
			);
			sourceTree = "<group>";
		};
		278A2093269F9A2B00267FA0 /* Shared */ = {
			isa = PBXGroup;
			children = (
				27C72FC626C416A100468A67 /* LICENSE.txt */,
				278A2094269F9A2B00267FA0 /* RefFileDocTryApp.swift */,
				278A2095269F9A2B00267FA0 /* RefFileDocTryDocument.swift */,
				278A2096269F9A2B00267FA0 /* ContentView.swift */,
				278A2097269F9A2D00267FA0 /* Assets.xcassets */,
			);
			path = Shared;
			sourceTree = "<group>";
		};
		278A209D269F9A2D00267FA0 /* Products */ = {
			isa = PBXGroup;
			children = (
				278A209C269F9A2D00267FA0 /* RefFileDocTry.app */,
				278A20A4269F9A2D00267FA0 /* RefFileDocTry.app */,
			);
			name = Products;
			sourceTree = "<group>";
		};
		278A209E269F9A2D00267FA0 /* iOS */ = {
			isa = PBXGroup;
			children = (
				278A209F269F9A2D00267FA0 /* Info.plist */,
			);
			path = iOS;
			sourceTree = "<group>";
		};
		278A20A5269F9A2D00267FA0 /* macOS */ = {
			isa = PBXGroup;
			children = (
				278A20A6269F9A2D00267FA0 /* Info.plist */,
				278A20A7269F9A2D00267FA0 /* macOS.entitlements */,
			);
			path = macOS;
			sourceTree = "<group>";
		};
/* End PBXGroup section */

/* Begin PBXNativeTarget section */
		278A209B269F9A2D00267FA0 /* RefFileDocTry (iOS) */ = {
			isa = PBXNativeTarget;
			buildConfigurationList = 278A20B2269F9A2D00267FA0 /* Build configuration list for PBXNativeTarget "RefFileDocTry (iOS)" */;
			buildPhases = (
				278A2098269F9A2D00267FA0 /* Sources */,
				278A2099269F9A2D00267FA0 /* Frameworks */,
				278A209A269F9A2D00267FA0 /* Resources */,
			);
			buildRules = (
			);
			dependencies = (
			);
			name = "RefFileDocTry (iOS)";
			productName = "RefFileDocTry (iOS)";
			productReference = 278A209C269F9A2D00267FA0 /* RefFileDocTry.app */;
			productType = "com.apple.product-type.application";
		};
		278A20A3269F9A2D00267FA0 /* RefFileDocTry (macOS) */ = {
			isa = PBXNativeTarget;
			buildConfigurationList = 278A20B5269F9A2D00267FA0 /* Build configuration list for PBXNativeTarget "RefFileDocTry (macOS)" */;
			buildPhases = (
				278A20A0269F9A2D00267FA0 /* Sources */,
				278A20A1269F9A2D00267FA0 /* Frameworks */,
				278A20A2269F9A2D00267FA0 /* Resources */,
			);
			buildRules = (
			);
			dependencies = (
			);
			name = "RefFileDocTry (macOS)";
			productName = "RefFileDocTry (macOS)";
			productReference = 278A20A4269F9A2D00267FA0 /* RefFileDocTry.app */;
			productType = "com.apple.product-type.application";
		};
/* End PBXNativeTarget section */

/* Begin PBXProject section */
		278A208F269F9A2B00267FA0 /* Project object */ = {
			isa = PBXProject;
			attributes = {
				LastSwiftUpdateCheck = 1250;
				LastUpgradeCheck = 1250;
				TargetAttributes = {
					278A209B269F9A2D00267FA0 = {
						CreatedOnToolsVersion = 12.5.1;
					};
					278A20A3269F9A2D00267FA0 = {
						CreatedOnToolsVersion = 12.5.1;
					};
				};
			};
			buildConfigurationList = 278A2092269F9A2B00267FA0 /* Build configuration list for PBXProject "RefFileDocTry" */;
			compatibilityVersion = "Xcode 9.3";
			developmentRegion = en;
			hasScannedForEncodings = 0;
			knownRegions = (
				en,
				Base,
			);
			mainGroup = 278A208E269F9A2B00267FA0;
			productRefGroup = 278A209D269F9A2D00267FA0 /* Products */;
			projectDirPath = "";
			projectRoot = "";
			targets = (
				278A209B269F9A2D00267FA0 /* RefFileDocTry (iOS) */,
				278A20A3269F9A2D00267FA0 /* RefFileDocTry (macOS) */,
			);
		};
/* End PBXProject section */

/* Begin PBXResourcesBuildPhase section */
		278A209A269F9A2D00267FA0 /* Resources */ = {
			isa = PBXResourcesBuildPhase;
			buildActionMask = 2147483647;
			files = (
				27C72FC726C416A100468A67 /* LICENSE.txt in Resources */,
				278A20AE269F9A2D00267FA0 /* Assets.xcassets in Resources */,
			);
			runOnlyForDeploymentPostprocessing = 0;
		};
		278A20A2269F9A2D00267FA0 /* Resources */ = {
			isa = PBXResourcesBuildPhase;
			buildActionMask = 2147483647;
			files = (
				27C72FC826C416A100468A67 /* LICENSE.txt in Resources */,
				278A20AF269F9A2D00267FA0 /* Assets.xcassets in Resources */,
			);
			runOnlyForDeploymentPostprocessing = 0;
		};
/* End PBXResourcesBuildPhase section */

/* Begin PBXSourcesBuildPhase section */
		278A2098269F9A2D00267FA0 /* Sources */ = {
			isa = PBXSourcesBuildPhase;
			buildActionMask = 2147483647;
			files = (
				278A20A8269F9A2D00267FA0 /* RefFileDocTryApp.swift in Sources */,
				278A20AA269F9A2D00267FA0 /* RefFileDocTryDocument.swift in Sources */,
				278A20AC269F9A2D00267FA0 /* ContentView.swift in Sources */,
			);
			runOnlyForDeploymentPostprocessing = 0;
		};
		278A20A0269F9A2D00267FA0 /* Sources */ = {
			isa = PBXSourcesBuildPhase;
			buildActionMask = 2147483647;
			files = (
				278A20A9269F9A2D00267FA0 /* RefFileDocTryApp.swift in Sources */,
				278A20AB269F9A2D00267FA0 /* RefFileDocTryDocument.swift in Sources */,
				278A20AD269F9A2D00267FA0 /* ContentView.swift in Sources */,
			);
			runOnlyForDeploymentPostprocessing = 0;
		};
/* End PBXSourcesBuildPhase section */

/* Begin XCBuildConfiguration section */
		278A20B0269F9A2D00267FA0 /* Debug */ = {
			isa = XCBuildConfiguration;
			buildSettings = {
				ALWAYS_SEARCH_USER_PATHS = NO;
				CLANG_ANALYZER_NONNULL = YES;
				CLANG_ANALYZER_NUMBER_OBJECT_CONVERSION = YES_AGGRESSIVE;
				CLANG_CXX_LANGUAGE_STANDARD = "gnu++14";
				CLANG_CXX_LIBRARY = "libc++";
				CLANG_ENABLE_MODULES = YES;
				CLANG_ENABLE_OBJC_ARC = YES;
				CLANG_ENABLE_OBJC_WEAK = YES;
				CLANG_WARN_BLOCK_CAPTURE_AUTORELEASING = YES;
				CLANG_WARN_BOOL_CONVERSION = YES;
				CLANG_WARN_COMMA = YES;
				CLANG_WARN_CONSTANT_CONVERSION = YES;
				CLANG_WARN_DEPRECATED_OBJC_IMPLEMENTATIONS = YES;
				CLANG_WARN_DIRECT_OBJC_ISA_USAGE = YES_ERROR;
				CLANG_WARN_DOCUMENTATION_COMMENTS = YES;
				CLANG_WARN_EMPTY_BODY = YES;
				CLANG_WARN_ENUM_CONVERSION = YES;
				CLANG_WARN_INFINITE_RECURSION = YES;
				CLANG_WARN_INT_CONVERSION = YES;
				CLANG_WARN_NON_LITERAL_NULL_CONVERSION = YES;
				CLANG_WARN_OBJC_IMPLICIT_RETAIN_SELF = YES;
				CLANG_WARN_OBJC_LITERAL_CONVERSION = YES;
				CLANG_WARN_OBJC_ROOT_CLASS = YES_ERROR;
				CLANG_WARN_QUOTED_INCLUDE_IN_FRAMEWORK_HEADER = YES;
				CLANG_WARN_RANGE_LOOP_ANALYSIS = YES;
				CLANG_WARN_STRICT_PROTOTYPES = YES;
				CLANG_WARN_SUSPICIOUS_MOVE = YES;
				CLANG_WARN_UNGUARDED_AVAILABILITY = YES_AGGRESSIVE;
				CLANG_WARN_UNREACHABLE_CODE = YES;
				CLANG_WARN__DUPLICATE_METHOD_MATCH = YES;
				COPY_PHASE_STRIP = NO;
				DEBUG_INFORMATION_FORMAT = dwarf;
				ENABLE_STRICT_OBJC_MSGSEND = YES;
				ENABLE_TESTABILITY = YES;
				GCC_C_LANGUAGE_STANDARD = gnu11;
				GCC_DYNAMIC_NO_PIC = NO;
				GCC_NO_COMMON_BLOCKS = YES;
				GCC_OPTIMIZATION_LEVEL = 0;
				GCC_PREPROCESSOR_DEFINITIONS = (
					"DEBUG=1",
					"$(inherited)",
				);
				GCC_WARN_64_TO_32_BIT_CONVERSION = YES;
				GCC_WARN_ABOUT_RETURN_TYPE = YES_ERROR;
				GCC_WARN_UNDECLARED_SELECTOR = YES;
				GCC_WARN_UNINITIALIZED_AUTOS = YES_AGGRESSIVE;
				GCC_WARN_UNUSED_FUNCTION = YES;
				GCC_WARN_UNUSED_VARIABLE = YES;
				MTL_ENABLE_DEBUG_INFO = INCLUDE_SOURCE;
				MTL_FAST_MATH = YES;
				ONLY_ACTIVE_ARCH = YES;
				SWIFT_ACTIVE_COMPILATION_CONDITIONS = DEBUG;
				SWIFT_OPTIMIZATION_LEVEL = "-Onone";
			};
			name = Debug;
		};
		278A20B1269F9A2D00267FA0 /* Release */ = {
			isa = XCBuildConfiguration;
			buildSettings = {
				ALWAYS_SEARCH_USER_PATHS = NO;
				CLANG_ANALYZER_NONNULL = YES;
				CLANG_ANALYZER_NUMBER_OBJECT_CONVERSION = YES_AGGRESSIVE;
				CLANG_CXX_LANGUAGE_STANDARD = "gnu++14";
				CLANG_CXX_LIBRARY = "libc++";
				CLANG_ENABLE_MODULES = YES;
				CLANG_ENABLE_OBJC_ARC = YES;
				CLANG_ENABLE_OBJC_WEAK = YES;
				CLANG_WARN_BLOCK_CAPTURE_AUTORELEASING = YES;
				CLANG_WARN_BOOL_CONVERSION = YES;
				CLANG_WARN_COMMA = YES;
				CLANG_WARN_CONSTANT_CONVERSION = YES;
				CLANG_WARN_DEPRECATED_OBJC_IMPLEMENTATIONS = YES;
				CLANG_WARN_DIRECT_OBJC_ISA_USAGE = YES_ERROR;
				CLANG_WARN_DOCUMENTATION_COMMENTS = YES;
				CLANG_WARN_EMPTY_BODY = YES;
				CLANG_WARN_ENUM_CONVERSION = YES;
				CLANG_WARN_INFINITE_RECURSION = YES;
				CLANG_WARN_INT_CONVERSION = YES;
				CLANG_WARN_NON_LITERAL_NULL_CONVERSION = YES;
				CLANG_WARN_OBJC_IMPLICIT_RETAIN_SELF = YES;
				CLANG_WARN_OBJC_LITERAL_CONVERSION = YES;
				CLANG_WARN_OBJC_ROOT_CLASS = YES_ERROR;
				CLANG_WARN_QUOTED_INCLUDE_IN_FRAMEWORK_HEADER = YES;
				CLANG_WARN_RANGE_LOOP_ANALYSIS = YES;
				CLANG_WARN_STRICT_PROTOTYPES = YES;
				CLANG_WARN_SUSPICIOUS_MOVE = YES;
				CLANG_WARN_UNGUARDED_AVAILABILITY = YES_AGGRESSIVE;
				CLANG_WARN_UNREACHABLE_CODE = YES;
				CLANG_WARN__DUPLICATE_METHOD_MATCH = YES;
				COPY_PHASE_STRIP = NO;
				DEBUG_INFORMATION_FORMAT = "dwarf-with-dsym";
				ENABLE_NS_ASSERTIONS = NO;
				ENABLE_STRICT_OBJC_MSGSEND = YES;
				GCC_C_LANGUAGE_STANDARD = gnu11;
				GCC_NO_COMMON_BLOCKS = YES;
				GCC_WARN_64_TO_32_BIT_CONVERSION = YES;
				GCC_WARN_ABOUT_RETURN_TYPE = YES_ERROR;
				GCC_WARN_UNDECLARED_SELECTOR = YES;
				GCC_WARN_UNINITIALIZED_AUTOS = YES_AGGRESSIVE;
				GCC_WARN_UNUSED_FUNCTION = YES;
				GCC_WARN_UNUSED_VARIABLE = YES;
				MTL_ENABLE_DEBUG_INFO = NO;
				MTL_FAST_MATH = YES;
				SWIFT_COMPILATION_MODE = wholemodule;
				SWIFT_OPTIMIZATION_LEVEL = "-O";
			};
			name = Release;
		};
		278A20B3269F9A2D00267FA0 /* Debug */ = {
			isa = XCBuildConfiguration;
			buildSettings = {
				ASSETCATALOG_COMPILER_APPICON_NAME = AppIcon;
				ASSETCATALOG_COMPILER_GLOBAL_ACCENT_COLOR_NAME = AccentColor;
				CODE_SIGN_ENTITLEMENTS = RefFileDocTry.entitlements;
				CODE_SIGN_STYLE = Automatic;
				DEVELOPMENT_TEAM = KRGB7TX9DU;
				ENABLE_PREVIEWS = YES;
				INFOPLIST_FILE = iOS/Info.plist;
				IPHONEOS_DEPLOYMENT_TARGET = 14.0;
				LD_RUNPATH_SEARCH_PATHS = (
					"$(inherited)",
					"@executable_path/Frameworks",
				);
				PRODUCT_BUNDLE_IDENTIFIER = com.tyndalesoft.RefFileDocTry;
				PRODUCT_NAME = RefFileDocTry;
				SDKROOT = iphoneos;
				SUPPORTS_MACCATALYST = YES;
				SWIFT_VERSION = 5.0;
				TARGETED_DEVICE_FAMILY = 2;
			};
			name = Debug;
		};
		278A20B4269F9A2D00267FA0 /* Release */ = {
			isa = XCBuildConfiguration;
			buildSettings = {
				ASSETCATALOG_COMPILER_APPICON_NAME = AppIcon;
				ASSETCATALOG_COMPILER_GLOBAL_ACCENT_COLOR_NAME = AccentColor;
				CODE_SIGN_ENTITLEMENTS = RefFileDocTry.entitlements;
				CODE_SIGN_STYLE = Automatic;
				DEVELOPMENT_TEAM = KRGB7TX9DU;
				ENABLE_PREVIEWS = YES;
				INFOPLIST_FILE = iOS/Info.plist;
				IPHONEOS_DEPLOYMENT_TARGET = 14.0;
				LD_RUNPATH_SEARCH_PATHS = (
					"$(inherited)",
					"@executable_path/Frameworks",
				);
				PRODUCT_BUNDLE_IDENTIFIER = com.tyndalesoft.RefFileDocTry;
				PRODUCT_NAME = RefFileDocTry;
				SDKROOT = iphoneos;
				SUPPORTS_MACCATALYST = YES;
				SWIFT_VERSION = 5.0;
				TARGETED_DEVICE_FAMILY = 2;
				VALIDATE_PRODUCT = YES;
			};
			name = Release;
		};
		278A20B6269F9A2D00267FA0 /* Debug */ = {
			isa = XCBuildConfiguration;
			buildSettings = {
				ASSETCATALOG_COMPILER_APPICON_NAME = AppIcon;
				ASSETCATALOG_COMPILER_GLOBAL_ACCENT_COLOR_NAME = AccentColor;
				CODE_SIGN_ENTITLEMENTS = macOS/macOS.entitlements;
				CODE_SIGN_STYLE = Automatic;
				COMBINE_HIDPI_IMAGES = YES;
				DEVELOPMENT_TEAM = KRGB7TX9DU;
				ENABLE_HARDENED_RUNTIME = YES;
				ENABLE_PREVIEWS = YES;
				INFOPLIST_FILE = macOS/Info.plist;
				LD_RUNPATH_SEARCH_PATHS = (
					"$(inherited)",
					"@executable_path/../Frameworks",
				);
				MACOSX_DEPLOYMENT_TARGET = 11.0;
				PRODUCT_BUNDLE_IDENTIFIER = com.tyndalesoft.RefFileDocTry;
				PRODUCT_NAME = RefFileDocTry;
				SDKROOT = macosx;
				SWIFT_VERSION = 5.0;
			};
			name = Debug;
		};
		278A20B7269F9A2D00267FA0 /* Release */ = {
			isa = XCBuildConfiguration;
			buildSettings = {
				ASSETCATALOG_COMPILER_APPICON_NAME = AppIcon;
				ASSETCATALOG_COMPILER_GLOBAL_ACCENT_COLOR_NAME = AccentColor;
				CODE_SIGN_ENTITLEMENTS = macOS/macOS.entitlements;
				CODE_SIGN_STYLE = Automatic;
				COMBINE_HIDPI_IMAGES = YES;
				DEVELOPMENT_TEAM = KRGB7TX9DU;
				ENABLE_HARDENED_RUNTIME = YES;
				ENABLE_PREVIEWS = YES;
				INFOPLIST_FILE = macOS/Info.plist;
				LD_RUNPATH_SEARCH_PATHS = (
					"$(inherited)",
					"@executable_path/../Frameworks",
				);
				MACOSX_DEPLOYMENT_TARGET = 11.0;
				PRODUCT_BUNDLE_IDENTIFIER = com.tyndalesoft.RefFileDocTry;
				PRODUCT_NAME = RefFileDocTry;
				SDKROOT = macosx;
				SWIFT_VERSION = 5.0;
			};
			name = Release;
		};
/* End XCBuildConfiguration section */

/* Begin XCConfigurationList section */
		278A2092269F9A2B00267FA0 /* Build configuration list for PBXProject "RefFileDocTry" */ = {
			isa = XCConfigurationList;
			buildConfigurations = (
				278A20B0269F9A2D00267FA0 /* Debug */,
				278A20B1269F9A2D00267FA0 /* Release */,
			);
			defaultConfigurationIsVisible = 0;
			defaultConfigurationName = Release;
		};
		278A20B2269F9A2D00267FA0 /* Build configuration list for PBXNativeTarget "RefFileDocTry (iOS)" */ = {
			isa = XCConfigurationList;
			buildConfigurations = (
				278A20B3269F9A2D00267FA0 /* Debug */,
				278A20B4269F9A2D00267FA0 /* Release */,
			);
			defaultConfigurationIsVisible = 0;
			defaultConfigurationName = Release;
		};
		278A20B5269F9A2D00267FA0 /* Build configuration list for PBXNativeTarget "RefFileDocTry (macOS)" */ = {
			isa = XCConfigurationList;
			buildConfigurations = (
				278A20B6269F9A2D00267FA0 /* Debug */,
				278A20B7269F9A2D00267FA0 /* Release */,
			);
			defaultConfigurationIsVisible = 0;
			defaultConfigurationName = Release;
		};
/* End XCConfigurationList section */
	};
	rootObject = 278A208F269F9A2B00267FA0 /* Project object */;
}
